// !$*UTF8*$!
{
	archiveVersion = 1;
	classes = {
	};
	objectVersion = 46;
	objects = {

/* Begin PBXBuildFile section */
		504FF2931E1D5218005F5D95 /* AppDelegate.swift in Sources */ = {isa = PBXBuildFile; fileRef = 504FF2921E1D5218005F5D95 /* AppDelegate.swift */; };
		504FF2951E1D5218005F5D95 /* ViewController.swift in Sources */ = {isa = PBXBuildFile; fileRef = 504FF2941E1D5218005F5D95 /* ViewController.swift */; };
		504FF2981E1D5218005F5D95 /* Main.storyboard in Resources */ = {isa = PBXBuildFile; fileRef = 504FF2961E1D5218005F5D95 /* Main.storyboard */; };
		504FF29A1E1D5218005F5D95 /* Assets.xcassets in Resources */ = {isa = PBXBuildFile; fileRef = 504FF2991E1D5218005F5D95 /* Assets.xcassets */; };
		504FF29D1E1D5218005F5D95 /* LaunchScreen.storyboard in Resources */ = {isa = PBXBuildFile; fileRef = 504FF29B1E1D5218005F5D95 /* LaunchScreen.storyboard */; };
		504FF2A81E1D5218005F5D95 /* TipperTests.swift in Sources */ = {isa = PBXBuildFile; fileRef = 504FF2A71E1D5218005F5D95 /* TipperTests.swift */; };
		504FF2B31E1D5218005F5D95 /* TipperUITests.swift in Sources */ = {isa = PBXBuildFile; fileRef = 504FF2B21E1D5218005F5D95 /* TipperUITests.swift */; };
/* End PBXBuildFile section */

/* Begin PBXContainerItemProxy section */
		504FF2A41E1D5218005F5D95 /* PBXContainerItemProxy */ = {
			isa = PBXContainerItemProxy;
			containerPortal = 504FF2871E1D5218005F5D95 /* Project object */;
			proxyType = 1;
			remoteGlobalIDString = 504FF28E1E1D5218005F5D95;
			remoteInfo = Tipper;
		};
		504FF2AF1E1D5218005F5D95 /* PBXContainerItemProxy */ = {
			isa = PBXContainerItemProxy;
			containerPortal = 504FF2871E1D5218005F5D95 /* Project object */;
			proxyType = 1;
			remoteGlobalIDString = 504FF28E1E1D5218005F5D95;
			remoteInfo = Tipper;
		};
/* End PBXContainerItemProxy section */

/* Begin PBXFileReference section */
		504FF28F1E1D5218005F5D95 /* Tipper.app */ = {isa = PBXFileReference; explicitFileType = wrapper.application; includeInIndex = 0; path = Tipper.app; sourceTree = BUILT_PRODUCTS_DIR; };
		504FF2921E1D5218005F5D95 /* AppDelegate.swift */ = {isa = PBXFileReference; lastKnownFileType = sourcecode.swift; path = AppDelegate.swift; sourceTree = "<group>"; };
		504FF2941E1D5218005F5D95 /* ViewController.swift */ = {isa = PBXFileReference; lastKnownFileType = sourcecode.swift; path = ViewController.swift; sourceTree = "<group>"; };
		504FF2971E1D5218005F5D95 /* Base */ = {isa = PBXFileReference; lastKnownFileType = file.storyboard; name = Base; path = Base.lproj/Main.storyboard; sourceTree = "<group>"; };
		504FF2991E1D5218005F5D95 /* Assets.xcassets */ = {isa = PBXFileReference; lastKnownFileType = folder.assetcatalog; path = Assets.xcassets; sourceTree = "<group>"; };
		504FF29C1E1D5218005F5D95 /* Base */ = {isa = PBXFileReference; lastKnownFileType = file.storyboard; name = Base; path = Base.lproj/LaunchScreen.storyboard; sourceTree = "<group>"; };
		504FF29E1E1D5218005F5D95 /* Info.plist */ = {isa = PBXFileReference; lastKnownFileType = text.plist.xml; path = Info.plist; sourceTree = "<group>"; };
		504FF2A31E1D5218005F5D95 /* TipperTests.xctest */ = {isa = PBXFileReference; explicitFileType = wrapper.cfbundle; includeInIndex = 0; path = TipperTests.xctest; sourceTree = BUILT_PRODUCTS_DIR; };
		504FF2A71E1D5218005F5D95 /* TipperTests.swift */ = {isa = PBXFileReference; lastKnownFileType = sourcecode.swift; path = TipperTests.swift; sourceTree = "<group>"; };
		504FF2A91E1D5218005F5D95 /* Info.plist */ = {isa = PBXFileReference; lastKnownFileType = text.plist.xml; path = Info.plist; sourceTree = "<group>"; };
		504FF2AE1E1D5218005F5D95 /* TipperUITests.xctest */ = {isa = PBXFileReference; explicitFileType = wrapper.cfbundle; includeInIndex = 0; path = TipperUITests.xctest; sourceTree = BUILT_PRODUCTS_DIR; };
		504FF2B21E1D5218005F5D95 /* TipperUITests.swift */ = {isa = PBXFileReference; lastKnownFileType = sourcecode.swift; path = TipperUITests.swift; sourceTree = "<group>"; };
		504FF2B41E1D5218005F5D95 /* Info.plist */ = {isa = PBXFileReference; lastKnownFileType = text.plist.xml; path = Info.plist; sourceTree = "<group>"; };
/* End PBXFileReference section */

/* Begin PBXFrameworksBuildPhase section */
		504FF28C1E1D5218005F5D95 /* Frameworks */ = {
			isa = PBXFrameworksBuildPhase;
			buildActionMask = 2147483647;
			files = (
			);
			runOnlyForDeploymentPostprocessing = 0;
		};
		504FF2A01E1D5218005F5D95 /* Frameworks */ = {
			isa = PBXFrameworksBuildPhase;
			buildActionMask = 2147483647;
			files = (
			);
			runOnlyForDeploymentPostprocessing = 0;
		};
		504FF2AB1E1D5218005F5D95 /* Frameworks */ = {
			isa = PBXFrameworksBuildPhase;
			buildActionMask = 2147483647;
			files = (
			);
			runOnlyForDeploymentPostprocessing = 0;
		};
/* End PBXFrameworksBuildPhase section */

/* Begin PBXGroup section */
		504FF2861E1D5218005F5D95 = {
			isa = PBXGroup;
			children = (
				504FF2911E1D5218005F5D95 /* Tipper */,
				504FF2A61E1D5218005F5D95 /* TipperTests */,
				504FF2B11E1D5218005F5D95 /* TipperUITests */,
				504FF2901E1D5218005F5D95 /* Products */,
			);
			sourceTree = "<group>";
		};
		504FF2901E1D5218005F5D95 /* Products */ = {
			isa = PBXGroup;
			children = (
				504FF28F1E1D5218005F5D95 /* Tipper.app */,
				504FF2A31E1D5218005F5D95 /* TipperTests.xctest */,
				504FF2AE1E1D5218005F5D95 /* TipperUITests.xctest */,
			);
			name = Products;
			sourceTree = "<group>";
		};
		504FF2911E1D5218005F5D95 /* Tipper */ = {
			isa = PBXGroup;
			children = (
				504FF2921E1D5218005F5D95 /* AppDelegate.swift */,
				504FF2941E1D5218005F5D95 /* ViewController.swift */,
				504FF2961E1D5218005F5D95 /* Main.storyboard */,
				504FF2991E1D5218005F5D95 /* Assets.xcassets */,
				504FF29B1E1D5218005F5D95 /* LaunchScreen.storyboard */,
				504FF29E1E1D5218005F5D95 /* Info.plist */,
			);
			path = Tipper;
			sourceTree = "<group>";
		};
		504FF2A61E1D5218005F5D95 /* TipperTests */ = {
			isa = PBXGroup;
			children = (
				504FF2A71E1D5218005F5D95 /* TipperTests.swift */,
				504FF2A91E1D5218005F5D95 /* Info.plist */,
			);
			path = TipperTests;
			sourceTree = "<group>";
		};
		504FF2B11E1D5218005F5D95 /* TipperUITests */ = {
			isa = PBXGroup;
			children = (
				504FF2B21E1D5218005F5D95 /* TipperUITests.swift */,
				504FF2B41E1D5218005F5D95 /* Info.plist */,
			);
			path = TipperUITests;
			sourceTree = "<group>";
		};
/* End PBXGroup section */

/* Begin PBXNativeTarget section */
		504FF28E1E1D5218005F5D95 /* Tipper */ = {
			isa = PBXNativeTarget;
			buildConfigurationList = 504FF2B71E1D5218005F5D95 /* Build configuration list for PBXNativeTarget "Tipper" */;
			buildPhases = (
				504FF28B1E1D5218005F5D95 /* Sources */,
				504FF28C1E1D5218005F5D95 /* Frameworks */,
				504FF28D1E1D5218005F5D95 /* Resources */,
			);
			buildRules = (
			);
			dependencies = (
			);
			name = Tipper;
			productName = Tipper;
			productReference = 504FF28F1E1D5218005F5D95 /* Tipper.app */;
			productType = "com.apple.product-type.application";
		};
		504FF2A21E1D5218005F5D95 /* TipperTests */ = {
			isa = PBXNativeTarget;
			buildConfigurationList = 504FF2BA1E1D5218005F5D95 /* Build configuration list for PBXNativeTarget "TipperTests" */;
			buildPhases = (
				504FF29F1E1D5218005F5D95 /* Sources */,
				504FF2A01E1D5218005F5D95 /* Frameworks */,
				504FF2A11E1D5218005F5D95 /* Resources */,
			);
			buildRules = (
			);
			dependencies = (
				504FF2A51E1D5218005F5D95 /* PBXTargetDependency */,
			);
			name = TipperTests;
			productName = TipperTests;
			productReference = 504FF2A31E1D5218005F5D95 /* TipperTests.xctest */;
			productType = "com.apple.product-type.bundle.unit-test";
		};
		504FF2AD1E1D5218005F5D95 /* TipperUITests */ = {
			isa = PBXNativeTarget;
			buildConfigurationList = 504FF2BD1E1D5218005F5D95 /* Build configuration list for PBXNativeTarget "TipperUITests" */;
			buildPhases = (
				504FF2AA1E1D5218005F5D95 /* Sources */,
				504FF2AB1E1D5218005F5D95 /* Frameworks */,
				504FF2AC1E1D5218005F5D95 /* Resources */,
			);
			buildRules = (
			);
			dependencies = (
				504FF2B01E1D5218005F5D95 /* PBXTargetDependency */,
			);
			name = TipperUITests;
			productName = TipperUITests;
			productReference = 504FF2AE1E1D5218005F5D95 /* TipperUITests.xctest */;
			productType = "com.apple.product-type.bundle.ui-testing";
		};
/* End PBXNativeTarget section */

/* Begin PBXProject section */
		504FF2871E1D5218005F5D95 /* Project object */ = {
			isa = PBXProject;
			attributes = {
				LastSwiftUpdateCheck = 0820;
				LastUpgradeCheck = 0820;
				ORGANIZATIONNAME = "Jungyoon Yu";
				TargetAttributes = {
					504FF28E1E1D5218005F5D95 = {
						CreatedOnToolsVersion = 8.2.1;
						ProvisioningStyle = Automatic;
					};
					504FF2A21E1D5218005F5D95 = {
						CreatedOnToolsVersion = 8.2.1;
						ProvisioningStyle = Automatic;
						TestTargetID = 504FF28E1E1D5218005F5D95;
					};
					504FF2AD1E1D5218005F5D95 = {
						CreatedOnToolsVersion = 8.2.1;
						ProvisioningStyle = Automatic;
						TestTargetID = 504FF28E1E1D5218005F5D95;
					};
				};
			};
			buildConfigurationList = 504FF28A1E1D5218005F5D95 /* Build configuration list for PBXProject "Tipper" */;
			compatibilityVersion = "Xcode 3.2";
			developmentRegion = English;
			hasScannedForEncodings = 0;
			knownRegions = (
				en,
				Base,
			);
			mainGroup = 504FF2861E1D5218005F5D95;
			productRefGroup = 504FF2901E1D5218005F5D95 /* Products */;
			projectDirPath = "";
			projectRoot = "";
			targets = (
				504FF28E1E1D5218005F5D95 /* Tipper */,
				504FF2A21E1D5218005F5D95 /* TipperTests */,
				504FF2AD1E1D5218005F5D95 /* TipperUITests */,
			);
		};
/* End PBXProject section */

/* Begin PBXResourcesBuildPhase section */
		504FF28D1E1D5218005F5D95 /* Resources */ = {
			isa = PBXResourcesBuildPhase;
			buildActionMask = 2147483647;
			files = (
				504FF29D1E1D5218005F5D95 /* LaunchScreen.storyboard in Resources */,
				504FF29A1E1D5218005F5D95 /* Assets.xcassets in Resources */,
				504FF2981E1D5218005F5D95 /* Main.storyboard in Resources */,
			);
			runOnlyForDeploymentPostprocessing = 0;
		};
		504FF2A11E1D5218005F5D95 /* Resources */ = {
			isa = PBXResourcesBuildPhase;
			buildActionMask = 2147483647;
			files = (
			);
			runOnlyForDeploymentPostprocessing = 0;
		};
		504FF2AC1E1D5218005F5D95 /* Resources */ = {
			isa = PBXResourcesBuildPhase;
			buildActionMask = 2147483647;
			files = (
			);
			runOnlyForDeploymentPostprocessing = 0;
		};
/* End PBXResourcesBuildPhase section */

/* Begin PBXSourcesBuildPhase section */
		504FF28B1E1D5218005F5D95 /* Sources */ = {
			isa = PBXSourcesBuildPhase;
			buildActionMask = 2147483647;
			files = (
				504FF2951E1D5218005F5D95 /* ViewController.swift in Sources */,
				504FF2931E1D5218005F5D95 /* AppDelegate.swift in Sources */,
			);
			runOnlyForDeploymentPostprocessing = 0;
		};
		504FF29F1E1D5218005F5D95 /* Sources */ = {
			isa = PBXSourcesBuildPhase;
			buildActionMask = 2147483647;
			files = (
				504FF2A81E1D5218005F5D95 /* TipperTests.swift in Sources */,
			);
			runOnlyForDeploymentPostprocessing = 0;
		};
		504FF2AA1E1D5218005F5D95 /* Sources */ = {
			isa = PBXSourcesBuildPhase;
			buildActionMask = 2147483647;
			files = (
				504FF2B31E1D5218005F5D95 /* TipperUITests.swift in Sources */,
			);
			runOnlyForDeploymentPostprocessing = 0;
		};
/* End PBXSourcesBuildPhase section */

/* Begin PBXTargetDependency section */
		504FF2A51E1D5218005F5D95 /* PBXTargetDependency */ = {
			isa = PBXTargetDependency;
			target = 504FF28E1E1D5218005F5D95 /* Tipper */;
			targetProxy = 504FF2A41E1D5218005F5D95 /* PBXContainerItemProxy */;
		};
		504FF2B01E1D5218005F5D95 /* PBXTargetDependency */ = {
			isa = PBXTargetDependency;
			target = 504FF28E1E1D5218005F5D95 /* Tipper */;
			targetProxy = 504FF2AF1E1D5218005F5D95 /* PBXContainerItemProxy */;
		};
/* End PBXTargetDependency section */

/* Begin PBXVariantGroup section */
		504FF2961E1D5218005F5D95 /* Main.storyboard */ = {
			isa = PBXVariantGroup;
			children = (
				504FF2971E1D5218005F5D95 /* Base */,
			);
			name = Main.storyboard;
			sourceTree = "<group>";
		};
		504FF29B1E1D5218005F5D95 /* LaunchScreen.storyboard */ = {
			isa = PBXVariantGroup;
			children = (
				504FF29C1E1D5218005F5D95 /* Base */,
			);
			name = LaunchScreen.storyboard;
			sourceTree = "<group>";
		};
/* End PBXVariantGroup section */

/* Begin XCBuildConfiguration section */
		504FF2B51E1D5218005F5D95 /* Debug */ = {
			isa = XCBuildConfiguration;
			buildSettings = {
				ALWAYS_SEARCH_USER_PATHS = NO;
				CLANG_ANALYZER_NONNULL = YES;
				CLANG_CXX_LANGUAGE_STANDARD = "gnu++0x";
				CLANG_CXX_LIBRARY = "libc++";
				CLANG_ENABLE_MODULES = YES;
				CLANG_ENABLE_OBJC_ARC = YES;
				CLANG_WARN_BOOL_CONVERSION = YES;
				CLANG_WARN_CONSTANT_CONVERSION = YES;
				CLANG_WARN_DIRECT_OBJC_ISA_USAGE = YES_ERROR;
				CLANG_WARN_DOCUMENTATION_COMMENTS = YES;
				CLANG_WARN_EMPTY_BODY = YES;
				CLANG_WARN_ENUM_CONVERSION = YES;
				CLANG_WARN_INFINITE_RECURSION = YES;
				CLANG_WARN_INT_CONVERSION = YES;
				CLANG_WARN_OBJC_ROOT_CLASS = YES_ERROR;
				CLANG_WARN_SUSPICIOUS_MOVE = YES;
				CLANG_WARN_UNREACHABLE_CODE = YES;
				CLANG_WARN__DUPLICATE_METHOD_MATCH = YES;
				"CODE_SIGN_IDENTITY[sdk=iphoneos*]" = "iPhone Developer";
				COPY_PHASE_STRIP = NO;
				DEBUG_INFORMATION_FORMAT = dwarf;
				ENABLE_STRICT_OBJC_MSGSEND = YES;
				ENABLE_TESTABILITY = YES;
				GCC_C_LANGUAGE_STANDARD = gnu99;
				GCC_DYNAMIC_NO_PIC = NO;
				GCC_NO_COMMON_BLOCKS = YES;
				GCC_OPTIMIZATION_LEVEL = 0;
				GCC_PREPROCESSOR_DEFINITIONS = (
					"DEBUG=1",
					"$(inherited)",
				);
				GCC_WARN_64_TO_32_BIT_CONVERSION = YES;
				GCC_WARN_ABOUT_RETURN_TYPE = YES_ERROR;
				GCC_WARN_UNDECLARED_SELECTOR = YES;
				GCC_WARN_UNINITIALIZED_AUTOS = YES_AGGRESSIVE;
				GCC_WARN_UNUSED_FUNCTION = YES;
				GCC_WARN_UNUSED_VARIABLE = YES;
				IPHONEOS_DEPLOYMENT_TARGET = 10.2;
				MTL_ENABLE_DEBUG_INFO = YES;
				ONLY_ACTIVE_ARCH = YES;
				SDKROOT = iphoneos;
				SWIFT_ACTIVE_COMPILATION_CONDITIONS = DEBUG;
				SWIFT_OPTIMIZATION_LEVEL = "-Onone";
			};
			name = Debug;
		};
		504FF2B61E1D5218005F5D95 /* Release */ = {
			isa = XCBuildConfiguration;
			buildSettings = {
				ALWAYS_SEARCH_USER_PATHS = NO;
				CLANG_ANALYZER_NONNULL = YES;
				CLANG_CXX_LANGUAGE_STANDARD = "gnu++0x";
				CLANG_CXX_LIBRARY = "libc++";
				CLANG_ENABLE_MODULES = YES;
				CLANG_ENABLE_OBJC_ARC = YES;
				CLANG_WARN_BOOL_CONVERSION = YES;
				CLANG_WARN_CONSTANT_CONVERSION = YES;
				CLANG_WARN_DIRECT_OBJC_ISA_USAGE = YES_ERROR;
				CLANG_WARN_DOCUMENTATION_COMMENTS = YES;
				CLANG_WARN_EMPTY_BODY = YES;
				CLANG_WARN_ENUM_CONVERSION = YES;
				CLANG_WARN_INFINITE_RECURSION = YES;
				CLANG_WARN_INT_CONVERSION = YES;
				CLANG_WARN_OBJC_ROOT_CLASS = YES_ERROR;
				CLANG_WARN_SUSPICIOUS_MOVE = YES;
				CLANG_WARN_UNREACHABLE_CODE = YES;
				CLANG_WARN__DUPLICATE_METHOD_MATCH = YES;
				"CODE_SIGN_IDENTITY[sdk=iphoneos*]" = "iPhone Developer";
				COPY_PHASE_STRIP = NO;
				DEBUG_INFORMATION_FORMAT = "dwarf-with-dsym";
				ENABLE_NS_ASSERTIONS = NO;
				ENABLE_STRICT_OBJC_MSGSEND = YES;
				GCC_C_LANGUAGE_STANDARD = gnu99;
				GCC_NO_COMMON_BLOCKS = YES;
				GCC_WARN_64_TO_32_BIT_CONVERSION = YES;
				GCC_WARN_ABOUT_RETURN_TYPE = YES_ERROR;
				GCC_WARN_UNDECLARED_SELECTOR = YES;
				GCC_WARN_UNINITIALIZED_AUTOS = YES_AGGRESSIVE;
				GCC_WARN_UNUSED_FUNCTION = YES;
				GCC_WARN_UNUSED_VARIABLE = YES;
				IPHONEOS_DEPLOYMENT_TARGET = 10.2;
				MTL_ENABLE_DEBUG_INFO = NO;
				SDKROOT = iphoneos;
				SWIFT_OPTIMIZATION_LEVEL = "-Owholemodule";
				VALIDATE_PRODUCT = YES;
			};
			name = Release;
		};
		504FF2B81E1D5218005F5D95 /* Debug */ = {
			isa = XCBuildConfiguration;
			buildSettings = {
				ASSETCATALOG_COMPILER_APPICON_NAME = AppIcon;
				INFOPLIST_FILE = Tipper/Info.plist;
				LD_RUNPATH_SEARCH_PATHS = "$(inherited) @executable_path/Frameworks";
				PRODUCT_BUNDLE_IDENTIFIER = com.jungyProd.Tipper;
				PRODUCT_NAME = "$(TARGET_NAME)";
				SWIFT_VERSION = 3.0;
			};
			name = Debug;
		};
		504FF2B91E1D5218005F5D95 /* Release */ = {
			isa = XCBuildConfiguration;
			buildSettings = {
				ASSETCATALOG_COMPILER_APPICON_NAME = AppIcon;
				INFOPLIST_FILE = Tipper/Info.plist;
				LD_RUNPATH_SEARCH_PATHS = "$(inherited) @executable_path/Frameworks";
				PRODUCT_BUNDLE_IDENTIFIER = com.jungyProd.Tipper;
				PRODUCT_NAME = "$(TARGET_NAME)";
				SWIFT_VERSION = 3.0;
			};
			name = Release;
		};
		504FF2BB1E1D5218005F5D95 /* Debug */ = {
			isa = XCBuildConfiguration;
			buildSettings = {
				ALWAYS_EMBED_SWIFT_STANDARD_LIBRARIES = YES;
				BUNDLE_LOADER = "$(TEST_HOST)";
				INFOPLIST_FILE = TipperTests/Info.plist;
				LD_RUNPATH_SEARCH_PATHS = "$(inherited) @executable_path/Frameworks @loader_path/Frameworks";
				PRODUCT_BUNDLE_IDENTIFIER = com.jungyProd.TipperTests;
				PRODUCT_NAME = "$(TARGET_NAME)";
				SWIFT_VERSION = 3.0;
				TEST_HOST = "$(BUILT_PRODUCTS_DIR)/Tipper.app/Tipper";
			};
			name = Debug;
		};
		504FF2BC1E1D5218005F5D95 /* Release */ = {
			isa = XCBuildConfiguration;
			buildSettings = {
				ALWAYS_EMBED_SWIFT_STANDARD_LIBRARIES = YES;
				BUNDLE_LOADER = "$(TEST_HOST)";
				INFOPLIST_FILE = TipperTests/Info.plist;
				LD_RUNPATH_SEARCH_PATHS = "$(inherited) @executable_path/Frameworks @loader_path/Frameworks";
				PRODUCT_BUNDLE_IDENTIFIER = com.jungyProd.TipperTests;
				PRODUCT_NAME = "$(TARGET_NAME)";
				SWIFT_VERSION = 3.0;
				TEST_HOST = "$(BUILT_PRODUCTS_DIR)/Tipper.app/Tipper";
			};
			name = Release;
		};
		504FF2BE1E1D5218005F5D95 /* Debug */ = {
			isa = XCBuildConfiguration;
			buildSettings = {
				ALWAYS_EMBED_SWIFT_STANDARD_LIBRARIES = YES;
				INFOPLIST_FILE = TipperUITests/Info.plist;
				LD_RUNPATH_SEARCH_PATHS = "$(inherited) @executable_path/Frameworks @loader_path/Frameworks";
				PRODUCT_BUNDLE_IDENTIFIER = com.jungyProd.TipperUITests;
				PRODUCT_NAME = "$(TARGET_NAME)";
				SWIFT_VERSION = 3.0;
				TEST_TARGET_NAME = Tipper;
			};
			name = Debug;
		};
		504FF2BF1E1D5218005F5D95 /* Release */ = {
			isa = XCBuildConfiguration;
			buildSettings = {
				ALWAYS_EMBED_SWIFT_STANDARD_LIBRARIES = YES;
				INFOPLIST_FILE = TipperUITests/Info.plist;
				LD_RUNPATH_SEARCH_PATHS = "$(inherited) @executable_path/Frameworks @loader_path/Frameworks";
				PRODUCT_BUNDLE_IDENTIFIER = com.jungyProd.TipperUITests;
				PRODUCT_NAME = "$(TARGET_NAME)";
				SWIFT_VERSION = 3.0;
				TEST_TARGET_NAME = Tipper;
			};
			name = Release;
		};
/* End XCBuildConfiguration section */

/* Begin XCConfigurationList section */
		504FF28A1E1D5218005F5D95 /* Build configuration list for PBXProject "Tipper" */ = {
			isa = XCConfigurationList;
			buildConfigurations = (
				504FF2B51E1D5218005F5D95 /* Debug */,
				504FF2B61E1D5218005F5D95 /* Release */,
			);
			defaultConfigurationIsVisible = 0;
			defaultConfigurationName = Release;
		};
		504FF2B71E1D5218005F5D95 /* Build configuration list for PBXNativeTarget "Tipper" */ = {
			isa = XCConfigurationList;
			buildConfigurations = (
				504FF2B81E1D5218005F5D95 /* Debug */,
				504FF2B91E1D5218005F5D95 /* Release */,
			);
			defaultConfigurationIsVisible = 0;
		};
		504FF2BA1E1D5218005F5D95 /* Build configuration list for PBXNativeTarget "TipperTests" */ = {
			isa = XCConfigurationList;
			buildConfigurations = (
				504FF2BB1E1D5218005F5D95 /* Debug */,
				504FF2BC1E1D5218005F5D95 /* Release */,
			);
			defaultConfigurationIsVisible = 0;
		};
		504FF2BD1E1D5218005F5D95 /* Build configuration list for PBXNativeTarget "TipperUITests" */ = {
			isa = XCConfigurationList;
			buildConfigurations = (
				504FF2BE1E1D5218005F5D95 /* Debug */,
				504FF2BF1E1D5218005F5D95 /* Release */,
			);
			defaultConfigurationIsVisible = 0;
		};
/* End XCConfigurationList section */
	};
	rootObject = 504FF2871E1D5218005F5D95 /* Project object */;
}
